# This file is automatically @generated by Cargo.
# It is not intended for manual editing.
version = 3

[[package]]
name = "goxoy-address-parser"
version = "0.0.9"
source = "registry+https://github.com/rust-lang/crates.io-index"
checksum = "f390ea1834b3518648203c3b32abd75cd6fcb7e481e2f51148d4b399f51f17ba"

[[package]]
name = "goxoy_tcp_common"
version = "0.1.0"
dependencies = [
 "goxoy-address-parser",
]
